Microsoft Visual Studio Solution File, Format Version 12.00
# Visual Studio Version 17
VisualStudioVersion = 17.13.35913.81
MinimumVisualStudioVersion = 10.0.40219.1
Project("{FAE04EC0-301F-11D3-BF4B-00C04F79EFBC}") = "ExcelExtensions", "ExcelExtensions\ExcelExtensions.csproj", "{C8184EB3-E84D-4D77-A848-649B2383F613}"
EndProject
Global
	GlobalSection(SolutionConfigurationPlatforms) = preSolution
		Debug|Any CPU = Debug|Any CPU
		Release|Any CPU = Release|Any CPU
	EndGlobalSection
	GlobalSection(ProjectConfigurationPlatforms) = postSolution
		{C8184EB3-E84D-4D77-A848-649B2383F613}.Debug|Any CPU.ActiveCfg = Debug|Any CPU
		{C8184EB3-E84D-4D77-A848-649B2383F613}.Debug|Any CPU.Build.0 = Debug|Any CPU
		{C8184EB3-E84D-4D77-A848-649B2383F613}.Release|Any CPU.ActiveCfg = Release|Any CPU
		{C8184EB3-E84D-4D77-A848-649B2383F613}.Release|Any CPU.Build.0 = Release|Any CPU
	EndGlobalSection
	GlobalSection(SolutionProperties) = preSolution
		HideSolutionNode = FALSE
	EndGlobalSection
	GlobalSection(ExtensibilityGlobals) = postSolution
		SolutionGuid = {99AC3B8F-098E-44BA-AB0C-65EA7043A148}
	EndGlobalSection
EndGlobal
